lockfileVersion: '6.0'

settings:
  autoInstallPeers: true
  excludeLinksFromLockfile: false

dependencies:
  hsh-utils-date:
    specifier: ^0.0.3
    version: 0.0.3
  hsh-utils-string:
    specifier: ^1.0.1
    version: 1.0.1

packages:

  /hsh-utils-date@0.0.3:
    resolution: {integrity: sha512-v2Gz/YCbLgpEd/wpsMrKJCyk+ivLIWBX+By2LtybiGA2tJaM0/3cdAqtzjuGzlt2bWpwCsLZKVXSAWHugctCpw==}
    dev: false

  /hsh-utils-string@1.0.1:
    resolution: {integrity: sha512-8QdBd2xaQaz+BHZV+HNHiG/NQF2Hsz/5hFULdS231kPkTvxZHOJ6EdWfURTuvqDVBEiXbAlH6UDrkx53wBqnOg==}
    dev: false
